
Microsoft Visual Studio Solution File, Format Version 12.00
# Visual Studio Version 16
VisualStudioVersion = 16.0.30011.22
MinimumVisualStudioVersion = 10.0.40219.1
Project("{FAE04EC0-301F-11D3-BF4B-00C04F79EFBC}") = "ProjetoBaseComBanco", "ProjetoBaseComBanco.csproj", "{8F150FB4-2EED-473D-8930-93A09A87E1B0}"
EndProject
Global
	GlobalSection(SolutionConfigurationPlatforms) = preSolution
		Debug|Any CPU = Debug|Any CPU
		Release|Any CPU = Release|Any CPU
	EndGlobalSection
	GlobalSection(ProjectConfigurationPlatforms) = postSolution
		{8F150FB4-2EED-473D-8930-93A09A87E1B0}.Debug|Any CPU.ActiveCfg = Debug|Any CPU
		{8F150FB4-2EED-473D-8930-93A09A87E1B0}.Debug|Any CPU.Build.0 = Debug|Any CPU
		{8F150FB4-2EED-473D-8930-93A09A87E1B0}.Release|Any CPU.ActiveCfg = Release|Any CPU
		{8F150FB4-2EED-473D-8930-93A09A87E1B0}.Release|Any CPU.Build.0 = Release|Any CPU
	EndGlobalSection
	GlobalSection(SolutionProperties) = preSolution
		HideSolutionNode = FALSE
	EndGlobalSection
	GlobalSection(ExtensibilityGlobals) = postSolution
		SolutionGuid = {C9D0B5B3-2B90-4923-BBD8-9F0E198CC89B}
	EndGlobalSection
EndGlobal
